// !$*UTF8*$!
{
	archiveVersion = 1;
	classes = {
	};
	objectVersion = 50;
	objects = {

/* Begin PBXBuildFile section */
		B01B5836233233F10043C2A0 /* AppDelegate.swift in Sources */ = {isa = PBXBuildFile; fileRef = B01B5835233233F10043C2A0 /* AppDelegate.swift */; };
		B01B5838233233F10043C2A0 /* ConcentrationViewController.swift in Sources */ = {isa = PBXBuildFile; fileRef = B01B5837233233F10043C2A0 /* ConcentrationViewController.swift */; };
		B01B583B233233F10043C2A0 /* Main.storyboard in Resources */ = {isa = PBXBuildFile; fileRef = B01B5839233233F10043C2A0 /* Main.storyboard */; };
		B01B583D233233F40043C2A0 /* Assets.xcassets in Resources */ = {isa = PBXBuildFile; fileRef = B01B583C233233F40043C2A0 /* Assets.xcassets */; };
		B01B5840233233F40043C2A0 /* LaunchScreen.storyboard in Resources */ = {isa = PBXBuildFile; fileRef = B01B583E233233F40043C2A0 /* LaunchScreen.storyboard */; };
		B01B58492334CFB00043C2A0 /* Concentration.swift in Sources */ = {isa = PBXBuildFile; fileRef = B01B58482334CFB00043C2A0 /* Concentration.swift */; };
		B01B584B2334D0680043C2A0 /* Card.swift in Sources */ = {isa = PBXBuildFile; fileRef = B01B584A2334D0680043C2A0 /* Card.swift */; };
		B0A6180B23742BB0001E2AE8 /* ConcentrationThemeChooserViewController.swift in Sources */ = {isa = PBXBuildFile; fileRef = B0A6180A23742BB0001E2AE8 /* ConcentrationThemeChooserViewController.swift */; };
/* End PBXBuildFile section */

/* Begin PBXFileReference section */
		B01B5832233233F10043C2A0 /* Concentration.app */ = {isa = PBXFileReference; explicitFileType = wrapper.application; includeInIndex = 0; path = Concentration.app; sourceTree = BUILT_PRODUCTS_DIR; };
		B01B5835233233F10043C2A0 /* AppDelegate.swift */ = {isa = PBXFileReference; lastKnownFileType = sourcecode.swift; path = AppDelegate.swift; sourceTree = "<group>"; };
		B01B5837233233F10043C2A0 /* ConcentrationViewController.swift */ = {isa = PBXFileReference; lastKnownFileType = sourcecode.swift; path = ConcentrationViewController.swift; sourceTree = "<group>"; };
		B01B583A233233F10043C2A0 /* Base */ = {isa = PBXFileReference; lastKnownFileType = file.storyboard; name = Base; path = Base.lproj/Main.storyboard; sourceTree = "<group>"; };
		B01B583C233233F40043C2A0 /* Assets.xcassets */ = {isa = PBXFileReference; lastKnownFileType = folder.assetcatalog; path = Assets.xcassets; sourceTree = "<group>"; };
		B01B583F233233F40043C2A0 /* Base */ = {isa = PBXFileReference; lastKnownFileType = file.storyboard; name = Base; path = Base.lproj/LaunchScreen.storyboard; sourceTree = "<group>"; };
		B01B5841233233F40043C2A0 /* Info.plist */ = {isa = PBXFileReference; lastKnownFileType = text.plist.xml; path = Info.plist; sourceTree = "<group>"; };
		B01B58482334CFB00043C2A0 /* Concentration.swift */ = {isa = PBXFileReference; lastKnownFileType = sourcecode.swift; path = Concentration.swift; sourceTree = "<group>"; };
		B01B584A2334D0680043C2A0 /* Card.swift */ = {isa = PBXFileReference; lastKnownFileType = sourcecode.swift; path = Card.swift; sourceTree = "<group>"; };
		B0A6180A23742BB0001E2AE8 /* ConcentrationThemeChooserViewController.swift */ = {isa = PBXFileReference; lastKnownFileType = sourcecode.swift; path = ConcentrationThemeChooserViewController.swift; sourceTree = "<group>"; };
/* End PBXFileReference section */

/* Begin PBXFrameworksBuildPhase section */
		B01B582F233233F10043C2A0 /* Frameworks */ = {
			isa = PBXFrameworksBuildPhase;
			buildActionMask = 2147483647;
			files = (
			);
			runOnlyForDeploymentPostprocessing = 0;
		};
/* End PBXFrameworksBuildPhase section */

/* Begin PBXGroup section */
		B01B5829233233F10043C2A0 = {
			isa = PBXGroup;
			children = (
				B01B5834233233F10043C2A0 /* Concentration */,
				B01B5833233233F10043C2A0 /* Products */,
			);
			sourceTree = "<group>";
		};
		B01B5833233233F10043C2A0 /* Products */ = {
			isa = PBXGroup;
			children = (
				B01B5832233233F10043C2A0 /* Concentration.app */,
			);
			name = Products;
			sourceTree = "<group>";
		};
		B01B5834233233F10043C2A0 /* Concentration */ = {
			isa = PBXGroup;
			children = (
				B01B5847233235FF0043C2A0 /* Supporting Files */,
				B01B5837233233F10043C2A0 /* ConcentrationViewController.swift */,
				B01B5839233233F10043C2A0 /* Main.storyboard */,
				B0A6180A23742BB0001E2AE8 /* ConcentrationThemeChooserViewController.swift */,
				B01B58482334CFB00043C2A0 /* Concentration.swift */,
				B01B584A2334D0680043C2A0 /* Card.swift */,
				B01B5841233233F40043C2A0 /* Info.plist */,
			);
			path = Concentration;
			sourceTree = "<group>";
		};
		B01B5847233235FF0043C2A0 /* Supporting Files */ = {
			isa = PBXGroup;
			children = (
				B01B5835233233F10043C2A0 /* AppDelegate.swift */,
				B01B583C233233F40043C2A0 /* Assets.xcassets */,
				B01B583E233233F40043C2A0 /* LaunchScreen.storyboard */,
			);
			path = "Supporting Files";
			sourceTree = "<group>";
		};
/* End PBXGroup section */

/* Begin PBXNativeTarget section */
		B01B5831233233F10043C2A0 /* Concentration */ = {
			isa = PBXNativeTarget;
			buildConfigurationList = B01B5844233233F40043C2A0 /* Build configuration list for PBXNativeTarget "Concentration" */;
			buildPhases = (
				B01B582E233233F10043C2A0 /* Sources */,
				B01B582F233233F10043C2A0 /* Frameworks */,
				B01B5830233233F10043C2A0 /* Resources */,
			);
			buildRules = (
			);
			dependencies = (
			);
			name = Concentration;
			productName = Concentration;
			productReference = B01B5832233233F10043C2A0 /* Concentration.app */;
			productType = "com.apple.product-type.application";
		};
/* End PBXNativeTarget section */

/* Begin PBXProject section */
		B01B582A233233F10043C2A0 /* Project object */ = {
			isa = PBXProject;
			attributes = {
				LastSwiftUpdateCheck = 1030;
				LastUpgradeCheck = 1030;
				ORGANIZATIONNAME = "Роман Храпачев";
				TargetAttributes = {
					B01B5831233233F10043C2A0 = {
						CreatedOnToolsVersion = 10.3;
					};
				};
			};
			buildConfigurationList = B01B582D233233F10043C2A0 /* Build configuration list for PBXProject "Concentration" */;
			compatibilityVersion = "Xcode 9.3";
			developmentRegion = en;
			hasScannedForEncodings = 0;
			knownRegions = (
				en,
				Base,
			);
			mainGroup = B01B5829233233F10043C2A0;
			productRefGroup = B01B5833233233F10043C2A0 /* Products */;
			projectDirPath = "";
			projectRoot = "";
			targets = (
				B01B5831233233F10043C2A0 /* Concentration */,
			);
		};
/* End PBXProject section */

/* Begin PBXResourcesBuildPhase section */
		B01B5830233233F10043C2A0 /* Resources */ = {
			isa = PBXResourcesBuildPhase;
			buildActionMask = 2147483647;
			files = (
				B01B5840233233F40043C2A0 /* LaunchScreen.storyboard in Resources */,
				B01B583D233233F40043C2A0 /* Assets.xcassets in Resources */,
				B01B583B233233F10043C2A0 /* Main.storyboard in Resources */,
			);
			runOnlyForDeploymentPostprocessing = 0;
		};
/* End PBXResourcesBuildPhase section */

/* Begin PBXSourcesBuildPhase section */
		B01B582E233233F10043C2A0 /* Sources */ = {
			isa = PBXSourcesBuildPhase;
			buildActionMask = 2147483647;
			files = (
				B0A6180B23742BB0001E2AE8 /* ConcentrationThemeChooserViewController.swift in Sources */,
				B01B5838233233F10043C2A0 /* ConcentrationViewController.swift in Sources */,
				B01B5836233233F10043C2A0 /* AppDelegate.swift in Sources */,
				B01B58492334CFB00043C2A0 /* Concentration.swift in Sources */,
				B01B584B2334D0680043C2A0 /* Card.swift in Sources */,
			);
			runOnlyForDeploymentPostprocessing = 0;
		};
/* End PBXSourcesBuildPhase section */

/* Begin PBXVariantGroup section */
		B01B5839233233F10043C2A0 /* Main.storyboard */ = {
			isa = PBXVariantGroup;
			children = (
				B01B583A233233F10043C2A0 /* Base */,
			);
			name = Main.storyboard;
			sourceTree = "<group>";
		};
		B01B583E233233F40043C2A0 /* LaunchScreen.storyboard */ = {
			isa = PBXVariantGroup;
			children = (
				B01B583F233233F40043C2A0 /* Base */,
			);
			name = LaunchScreen.storyboard;
			sourceTree = "<group>";
		};
/* End PBXVariantGroup section */

/* Begin XCBuildConfiguration section */
		B01B5842233233F40043C2A0 /* Debug */ = {
			isa = XCBuildConfiguration;
			buildSettings = {
				ALWAYS_SEARCH_USER_PATHS = NO;
				CLANG_ANALYZER_NONNULL = YES;
				CLANG_ANALYZER_NUMBER_OBJECT_CONVERSION = YES_AGGRESSIVE;
				CLANG_CXX_LANGUAGE_STANDARD = "gnu++14";
				CLANG_CXX_LIBRARY = "libc++";
				CLANG_ENABLE_MODULES = YES;
				CLANG_ENABLE_OBJC_ARC = YES;
				CLANG_ENABLE_OBJC_WEAK = YES;
				CLANG_WARN_BLOCK_CAPTURE_AUTORELEASING = YES;
				CLANG_WARN_BOOL_CONVERSION = YES;
				CLANG_WARN_COMMA = YES;
				CLANG_WARN_CONSTANT_CONVERSION = YES;
				CLANG_WARN_DEPRECATED_OBJC_IMPLEMENTATIONS = YES;
				CLANG_WARN_DIRECT_OBJC_ISA_USAGE = YES_ERROR;
				CLANG_WARN_DOCUMENTATION_COMMENTS = YES;
				CLANG_WARN_EMPTY_BODY = YES;
				CLANG_WARN_ENUM_CONVERSION = YES;
				CLANG_WARN_INFINITE_RECURSION = YES;
				CLANG_WARN_INT_CONVERSION = YES;
				CLANG_WARN_NON_LITERAL_NULL_CONVERSION = YES;
				CLANG_WARN_OBJC_IMPLICIT_RETAIN_SELF = YES;
				CLANG_WARN_OBJC_LITERAL_CONVERSION = YES;
				CLANG_WARN_OBJC_ROOT_CLASS = YES_ERROR;
				CLANG_WARN_RANGE_LOOP_ANALYSIS = YES;
				CLANG_WARN_STRICT_PROTOTYPES = YES;
				CLANG_WARN_SUSPICIOUS_MOVE = YES;
				CLANG_WARN_UNGUARDED_AVAILABILITY = YES_AGGRESSIVE;
				CLANG_WARN_UNREACHABLE_CODE = YES;
				CLANG_WARN__DUPLICATE_METHOD_MATCH = YES;
				CODE_SIGN_IDENTITY = "iPhone Developer";
				COPY_PHASE_STRIP = NO;
				DEBUG_INFORMATION_FORMAT = dwarf;
				ENABLE_STRICT_OBJC_MSGSEND = YES;
				ENABLE_TESTABILITY = YES;
				GCC_C_LANGUAGE_STANDARD = gnu11;
				GCC_DYNAMIC_NO_PIC = NO;
				GCC_NO_COMMON_BLOCKS = YES;
				GCC_OPTIMIZATION_LEVEL = 0;
				GCC_PREPROCESSOR_DEFINITIONS = (
					"DEBUG=1",
					"$(inherited)",
				);
				GCC_WARN_64_TO_32_BIT_CONVERSION = YES;
				GCC_WARN_ABOUT_RETURN_TYPE = YES_ERROR;
				GCC_WARN_UNDECLARED_SELECTOR = YES;
				GCC_WARN_UNINITIALIZED_AUTOS = YES_AGGRESSIVE;
				GCC_WARN_UNUSED_FUNCTION = YES;
				GCC_WARN_UNUSED_VARIABLE = YES;
				IPHONEOS_DEPLOYMENT_TARGET = 12.4;
				MTL_ENABLE_DEBUG_INFO = INCLUDE_SOURCE;
				MTL_FAST_MATH = YES;
				ONLY_ACTIVE_ARCH = YES;
				SDKROOT = iphoneos;
				SWIFT_ACTIVE_COMPILATION_CONDITIONS = DEBUG;
				SWIFT_OPTIMIZATION_LEVEL = "-Onone";
			};
			name = Debug;
		};
		B01B5843233233F40043C2A0 /* Release */ = {
			isa = XCBuildConfiguration;
			buildSettings = {
				ALWAYS_SEARCH_USER_PATHS = NO;
				CLANG_ANALYZER_NONNULL = YES;
				CLANG_ANALYZER_NUMBER_OBJECT_CONVERSION = YES_AGGRESSIVE;
				CLANG_CXX_LANGUAGE_STANDARD = "gnu++14";
				CLANG_CXX_LIBRARY = "libc++";
				CLANG_ENABLE_MODULES = YES;
				CLANG_ENABLE_OBJC_ARC = YES;
				CLANG_ENABLE_OBJC_WEAK = YES;
				CLANG_WARN_BLOCK_CAPTURE_AUTORELEASING = YES;
				CLANG_WARN_BOOL_CONVERSION = YES;
				CLANG_WARN_COMMA = YES;
				CLANG_WARN_CONSTANT_CONVERSION = YES;
				CLANG_WARN_DEPRECATED_OBJC_IMPLEMENTATIONS = YES;
				CLANG_WARN_DIRECT_OBJC_ISA_USAGE = YES_ERROR;
				CLANG_WARN_DOCUMENTATION_COMMENTS = YES;
				CLANG_WARN_EMPTY_BODY = YES;
				CLANG_WARN_ENUM_CONVERSION = YES;
				CLANG_WARN_INFINITE_RECURSION = YES;
				CLANG_WARN_INT_CONVERSION = YES;
				CLANG_WARN_NON_LITERAL_NULL_CONVERSION = YES;
				CLANG_WARN_OBJC_IMPLICIT_RETAIN_SELF = YES;
				CLANG_WARN_OBJC_LITERAL_CONVERSION = YES;
				CLANG_WARN_OBJC_ROOT_CLASS = YES_ERROR;
				CLANG_WARN_RANGE_LOOP_ANALYSIS = YES;
				CLANG_WARN_STRICT_PROTOTYPES = YES;
				CLANG_WARN_SUSPICIOUS_MOVE = YES;
				CLANG_WARN_UNGUARDED_AVAILABILITY = YES_AGGRESSIVE;
				CLANG_WARN_UNREACHABLE_CODE = YES;
				CLANG_WARN__DUPLICATE_METHOD_MATCH = YES;
				CODE_SIGN_IDENTITY = "iPhone Developer";
				COPY_PHASE_STRIP = NO;
				DEBUG_INFORMATION_FORMAT = "dwarf-with-dsym";
				ENABLE_NS_ASSERTIONS = NO;
				ENABLE_STRICT_OBJC_MSGSEND = YES;
				GCC_C_LANGUAGE_STANDARD = gnu11;
				GCC_NO_COMMON_BLOCKS = YES;
				GCC_WARN_64_TO_32_BIT_CONVERSION = YES;
				GCC_WARN_ABOUT_RETURN_TYPE = YES_ERROR;
				GCC_WARN_UNDECLARED_SELECTOR = YES;
				GCC_WARN_UNINITIALIZED_AUTOS = YES_AGGRESSIVE;
				GCC_WARN_UNUSED_FUNCTION = YES;
				GCC_WARN_UNUSED_VARIABLE = YES;
				IPHONEOS_DEPLOYMENT_TARGET = 12.4;
				MTL_ENABLE_DEBUG_INFO = NO;
				MTL_FAST_MATH = YES;
				SDKROOT = iphoneos;
				SWIFT_COMPILATION_MODE = wholemodule;
				SWIFT_OPTIMIZATION_LEVEL = "-O";
				VALIDATE_PRODUCT = YES;
			};
			name = Release;
		};
		B01B5845233233F40043C2A0 /* Debug */ = {
			isa = XCBuildConfiguration;
			buildSettings = {
				ASSETCATALOG_COMPILER_APPICON_NAME = AppIcon;
				CODE_SIGN_STYLE = Automatic;
				DEVELOPMENT_TEAM = GKZKDZVW9D;
				INFOPLIST_FILE = Concentration/Info.plist;
				LD_RUNPATH_SEARCH_PATHS = (
					"$(inherited)",
					"@executable_path/Frameworks",
				);
				PRODUCT_BUNDLE_IDENTIFIER = com.khrapachev89.Concentration;
				PRODUCT_NAME = "$(TARGET_NAME)";
				SWIFT_VERSION = 5.0;
				TARGETED_DEVICE_FAMILY = "1,2";
			};
			name = Debug;
		};
		B01B5846233233F40043C2A0 /* Release */ = {
			isa = XCBuildConfiguration;
			buildSettings = {
				ASSETCATALOG_COMPILER_APPICON_NAME = AppIcon;
				CODE_SIGN_STYLE = Automatic;
				DEVELOPMENT_TEAM = GKZKDZVW9D;
				INFOPLIST_FILE = Concentration/Info.plist;
				LD_RUNPATH_SEARCH_PATHS = (
					"$(inherited)",
					"@executable_path/Frameworks",
				);
				PRODUCT_BUNDLE_IDENTIFIER = com.khrapachev89.Concentration;
				PRODUCT_NAME = "$(TARGET_NAME)";
				SWIFT_VERSION = 5.0;
				TARGETED_DEVICE_FAMILY = "1,2";
			};
			name = Release;
		};
/* End XCBuildConfiguration section */

/* Begin XCConfigurationList section */
		B01B582D233233F10043C2A0 /* Build configuration list for PBXProject "Concentration" */ = {
			isa = XCConfigurationList;
			buildConfigurations = (
				B01B5842233233F40043C2A0 /* Debug */,
				B01B5843233233F40043C2A0 /* Release */,
			);
			defaultConfigurationIsVisible = 0;
			defaultConfigurationName = Release;
		};
		B01B5844233233F40043C2A0 /* Build configuration list for PBXNativeTarget "Concentration" */ = {
			isa = XCConfigurationList;
			buildConfigurations = (
				B01B5845233233F40043C2A0 /* Debug */,
				B01B5846233233F40043C2A0 /* Release */,
			);
			defaultConfigurationIsVisible = 0;
			defaultConfigurationName = Release;
		};
/* End XCConfigurationList section */
	};
	rootObject = B01B582A233233F10043C2A0 /* Project object */;
}
